# This file is @generated by PDM.
# It is not intended for manual editing.

[metadata]
groups = ["default", "dev"]
strategy = ["inherit_metadata"]
lock_version = "4.5.0"
content_hash = "sha256:258a80651d36c5388bd4d675023b2738b621b079c873f60d797a57432558bad9"

[[metadata.targets]]
requires_python = ">=3.13"

[[package]]
name = "aconsys"
version = "0.4.0"
requires_python = ">=3.12"
git = "https://github.com/merzamac/pyaconsys.git"
revision = "5987963cf8d474f6e23d519bd0cde0bf4f63999f"
summary = "A Python wrapper for the Aconsys desktop application."
groups = ["default"]
dependencies = [
    "keyring>=25.7.0",
    "pydantic>=2.12.4",
    "uiautomation>=2.0.29",
]

[[package]]
name = "annotated-types"
version = "0.7.0"
requires_python = ">=3.8"
summary = "Reusable constraint types to use with typing.Annotated"
groups = ["default"]
dependencies = [
    "typing-extensions>=4.0.0; python_version < \"3.9\"",
]
files = [
    {file = "annotated_types-0.7.0-py3-none-any.whl", hash = "sha256:1f02e8b43a8fbbc3f3e0d4f0f4bfc8131bcb4eebe8849b8e5c773f3a1c582a53"},
    {file = "annotated_types-0.7.0.tar.gz", hash = "sha256:aff07c09a53a08bc8cfccb9c85b05f1aa9a2a6f23728d790723543408344ce89"},
]

[[package]]
name = "cffi"
version = "2.0.0"
requires_python = ">=3.9"
summary = "Foreign Function Interface for Python calling C code."
groups = ["default"]
marker = "python_full_version >= \"3.9\" and platform_python_implementation != \"PyPy\" and sys_platform == \"linux\""
dependencies = [
    "pycparser; implementation_name != \"PyPy\"",
]
files = [
    {file = "cffi-2.0.0-cp313-cp313-macosx_10_13_x86_64.whl", hash = "sha256:00bdf7acc5f795150faa6957054fbbca2439db2f775ce831222b66f192f03beb"},
    {file = "cffi-2.0.0-cp313-cp313-macosx_11_0_arm64.whl", hash = "sha256:45d5e886156860dc35862657e1494b9bae8dfa63bf56796f2fb56e1679fc0bca"},
    {file = "cffi-2.0.0-cp313-cp313-manylinux1_i686.manylinux2014_i686.manylinux_2_17_i686.manylinux_2_5_i686.whl", hash = "sha256:07b271772c100085dd28b74fa0cd81c8fb1a3ba18b21e03d7c27f3436a10606b"},
    {file = "cffi-2.0.0-cp313-cp313-manylinux2014_aarch64.manylinux_2_17_aarch64.whl", hash = "sha256:d48a880098c96020b02d5a1f7d9251308510ce8858940e6fa99ece33f610838b"},
    {file = "cffi-2.0.0-cp313-cp313-manylinux2014_ppc64le.manylinux_2_17_ppc64le.whl", hash = "sha256:f93fd8e5c8c0a4aa1f424d6173f14a892044054871c771f8566e4008eaa359d2"},
    {file = "cffi-2.0.0-cp313-cp313-manylinux2014_s390x.manylinux_2_17_s390x.whl", hash = "sha256:dd4f05f54a52fb558f1ba9f528228066954fee3ebe629fc1660d874d040ae5a3"},
    {file = "cffi-2.0.0-cp313-cp313-manylinux2014_x86_64.manylinux_2_17_x86_64.whl", hash = "sha256:c8d3b5532fc71b7a77c09192b4a5a200ea992702734a2e9279a37f2478236f26"},
    {file = "cffi-2.0.0-cp313-cp313-musllinux_1_2_aarch64.whl", hash = "sha256:d9b29c1f0ae438d5ee9acb31cadee00a58c46cc9c0b2f9038c6b0b3470877a8c"},
    {file = "cffi-2.0.0-cp313-cp313-musllinux_1_2_x86_64.whl", hash = "sha256:6d50360be4546678fc1b79ffe7a66265e28667840010348dd69a314145807a1b"},
    {file = "cffi-2.0.0-cp313-cp313-win32.whl", hash = "sha256:74a03b9698e198d47562765773b4a8309919089150a0bb17d829ad7b44b60d27"},
    {file = "cffi-2.0.0-cp313-cp313-win_amd64.whl", hash = "sha256:19f705ada2530c1167abacb171925dd886168931e0a7b78f5bffcae5c6b5be75"},
    {file = "cffi-2.0.0-cp313-cp313-win_arm64.whl", hash = "sha256:256f80b80ca3853f90c21b23ee78cd008713787b1b1e93eae9f3d6a7134abd91"},
    {file = "cffi-2.0.0-cp314-cp314-macosx_10_13_x86_64.whl", hash = "sha256:fc33c5141b55ed366cfaad382df24fe7dcbc686de5be719b207bb248e3053dc5"},
    {file = "cffi-2.0.0-cp314-cp314-macosx_11_0_arm64.whl", hash = "sha256:c654de545946e0db659b3400168c9ad31b5d29593291482c43e3564effbcee13"},
    {file = "cffi-2.0.0-cp314-cp314-manylinux2014_aarch64.manylinux_2_17_aarch64.whl", hash = "sha256:24b6f81f1983e6df8db3adc38562c83f7d4a0c36162885ec7f7b77c7dcbec97b"},
    {file = "cffi-2.0.0-cp314-cp314-manylinux2014_ppc64le.manylinux_2_17_ppc64le.whl", hash = "sha256:12873ca6cb9b0f0d3a0da705d6086fe911591737a59f28b7936bdfed27c0d47c"},
    {file = "cffi-2.0.0-cp314-cp314-manylinux2014_s390x.manylinux_2_17_s390x.whl", hash = "sha256:d9b97165e8aed9272a6bb17c01e3cc5871a594a446ebedc996e2397a1c1ea8ef"},
    {file = "cffi-2.0.0-cp314-cp314-manylinux2014_x86_64.manylinux_2_17_x86_64.whl", hash = "sha256:afb8db5439b81cf9c9d0c80404b60c3cc9c3add93e114dcae767f1477cb53775"},
    {file = "cffi-2.0.0-cp314-cp314-musllinux_1_2_aarch64.whl", hash = "sha256:737fe7d37e1a1bffe70bd5754ea763a62a066dc5913ca57e957824b72a85e205"},
    {file = "cffi-2.0.0-cp314-cp314-musllinux_1_2_x86_64.whl", hash = "sha256:38100abb9d1b1435bc4cc340bb4489635dc2f0da7456590877030c9b3d40b0c1"},
    {file = "cffi-2.0.0-cp314-cp314-win32.whl", hash = "sha256:087067fa8953339c723661eda6b54bc98c5625757ea62e95eb4898ad5e776e9f"},
    {file = "cffi-2.0.0-cp314-cp314-win_amd64.whl", hash = "sha256:203a48d1fb583fc7d78a4c6655692963b860a417c0528492a6bc21f1aaefab25"},
    {file = "cffi-2.0.0-cp314-cp314-win_arm64.whl", hash = "sha256:dbd5c7a25a7cb98f5ca55d258b103a2054f859a46ae11aaf23134f9cc0d356ad"},
    {file = "cffi-2.0.0-cp314-cp314t-macosx_10_13_x86_64.whl", hash = "sha256:9a67fc9e8eb39039280526379fb3a70023d77caec1852002b4da7e8b270c4dd9"},
    {file = "cffi-2.0.0-cp314-cp314t-macosx_11_0_arm64.whl", hash = "sha256:7a66c7204d8869299919db4d5069a82f1561581af12b11b3c9f48c584eb8743d"},
    {file = "cffi-2.0.0-cp314-cp314t-manylinux2014_aarch64.manylinux_2_17_aarch64.whl", hash = "sha256:7cc09976e8b56f8cebd752f7113ad07752461f48a58cbba644139015ac24954c"},
    {file = "cffi-2.0.0-cp314-cp314t-manylinux2014_ppc64le.manylinux_2_17_ppc64le.whl", hash = "sha256:92b68146a71df78564e4ef48af17551a5ddd142e5190cdf2c5624d0c3ff5b2e8"},
    {file = "cffi-2.0.0-cp314-cp314t-manylinux2014_s390x.manylinux_2_17_s390x.whl", hash = "sha256:b1e74d11748e7e98e2f426ab176d4ed720a64412b6a15054378afdb71e0f37dc"},
    {file = "cffi-2.0.0-cp314-cp314t-manylinux2014_x86_64.manylinux_2_17_x86_64.whl", hash = "sha256:28a3a209b96630bca57cce802da70c266eb08c6e97e5afd61a75611ee6c64592"},
    {file = "cffi-2.0.0-cp314-cp314t-musllinux_1_2_aarch64.whl", hash = "sha256:7553fb2090d71822f02c629afe6042c299edf91ba1bf94951165613553984512"},
    {file = "cffi-2.0.0-cp314-cp314t-musllinux_1_2_x86_64.whl", hash = "sha256:6c6c373cfc5c83a975506110d17457138c8c63016b563cc9ed6e056a82f13ce4"},
    {file = "cffi-2.0.0-cp314-cp314t-win32.whl", hash = "sha256:1fc9ea04857caf665289b7a75923f2c6ed559b8298a1b8c49e59f7dd95c8481e"},
    {file = "cffi-2.0.0-cp314-cp314t-win_amd64.whl", hash = "sha256:d68b6cef7827e8641e8ef16f4494edda8b36104d79773a334beaa1e3521430f6"},
    {file = "cffi-2.0.0-cp314-cp314t-win_arm64.whl", hash = "sha256:0a1527a803f0a659de1af2e1fd700213caba79377e27e4693648c2923da066f9"},
    {file = "cffi-2.0.0.tar.gz", hash = "sha256:44d1b5909021139fe36001ae048dbdde8214afa20200eda0f64c068cac5d5529"},
]

[[package]]
name = "colorama"
version = "0.4.6"
requires_python = "!=3.0.*,!=3.1.*,!=3.2.*,!=3.3.*,!=3.4.*,!=3.5.*,!=3.6.*,>=2.7"
summary = "Cross-platform colored terminal text."
groups = ["default", "dev"]
marker = "sys_platform == \"win32\""
files = [
    {file = "colorama-0.4.6-py2.py3-none-any.whl", hash = "sha256:4f1d9991f5acc0ca119f9d443620b77f9d6b33703e51011c16baf57afb285fc6"},
    {file = "colorama-0.4.6.tar.gz", hash = "sha256:08695f5cb7ed6e0531a20572697297273c47b8cae5a63ffc6d6ed5c201be6e44"},
]

[[package]]
name = "comtypes"
version = "1.4.13"
requires_python = ">=3.9"
summary = "Pure Python COM package"
groups = ["default"]
files = [
    {file = "comtypes-1.4.13-py3-none-any.whl", hash = "sha256:21546210748ba52e839e52112124b16ffab7d7fb68096493165fbc249e9023ad"},
    {file = "comtypes-1.4.13.zip", hash = "sha256:fc573997ae32b374891cfa8d79ebb8289809ed3a4a3f789d5348371099c7788a"},
]

[[package]]
name = "cryptography"
version = "46.0.3"
requires_python = "!=3.9.0,!=3.9.1,>=3.8"
summary = "cryptography is a package which provides cryptographic recipes and primitives to Python developers."
groups = ["default"]
marker = "sys_platform == \"linux\""
dependencies = [
    "cffi>=1.14; python_full_version == \"3.8.*\" and platform_python_implementation != \"PyPy\"",
    "cffi>=2.0.0; python_full_version >= \"3.9\" and platform_python_implementation != \"PyPy\"",
    "typing-extensions>=4.13.2; python_full_version < \"3.11\"",
]
files = [
    {file = "cryptography-46.0.3-cp311-abi3-macosx_10_9_universal2.whl", hash = "sha256:109d4ddfadf17e8e7779c39f9b18111a09efb969a301a31e987416a0191ed93a"},
    {file = "cryptography-46.0.3-cp311-abi3-manylinux2014_aarch64.manylinux_2_17_aarch64.whl", hash = "sha256:09859af8466b69bc3c27bdf4f5d84a665e0f7ab5088412e9e2ec49758eca5cbc"},
    {file = "cryptography-46.0.3-cp311-abi3-manylinux2014_x86_64.manylinux_2_17_x86_64.whl", hash = "sha256:01ca9ff2885f3acc98c29f1860552e37f6d7c7d013d7334ff2a9de43a449315d"},
    {file = "cryptography-46.0.3-cp311-abi3-manylinux_2_28_aarch64.whl", hash = "sha256:6eae65d4c3d33da080cff9c4ab1f711b15c1d9760809dad6ea763f3812d254cb"},
    {file = "cryptography-46.0.3-cp311-abi3-manylinux_2_28_armv7l.manylinux_2_31_armv7l.whl", hash = "sha256:e5bf0ed4490068a2e72ac03d786693adeb909981cc596425d09032d372bcc849"},
    {file = "cryptography-46.0.3-cp311-abi3-manylinux_2_28_ppc64le.whl", hash = "sha256:5ecfccd2329e37e9b7112a888e76d9feca2347f12f37918facbb893d7bb88ee8"},
    {file = "cryptography-46.0.3-cp311-abi3-manylinux_2_28_x86_64.whl", hash = "sha256:a2c0cd47381a3229c403062f764160d57d4d175e022c1df84e168c6251a22eec"},
    {file = "cryptography-46.0.3-cp311-abi3-manylinux_2_34_aarch64.whl", hash = "sha256:549e234ff32571b1f4076ac269fcce7a808d3bf98b76c8dd560e42dbc66d7d91"},
    {file = "cryptography-46.0.3-cp311-abi3-manylinux_2_34_ppc64le.whl", hash = "sha256:c0a7bb1a68a5d3471880e264621346c48665b3bf1c3759d682fc0864c540bd9e"},
    {file = "cryptography-46.0.3-cp311-abi3-manylinux_2_34_x86_64.whl", hash = "sha256:10b01676fc208c3e6feeb25a8b83d81767e8059e1fe86e1dc62d10a3018fa926"},
    {file = "cryptography-46.0.3-cp311-abi3-musllinux_1_2_aarch64.whl", hash = "sha256:0abf1ffd6e57c67e92af68330d05760b7b7efb243aab8377e583284dbab72c71"},
    {file = "cryptography-46.0.3-cp311-abi3-musllinux_1_2_x86_64.whl", hash = "sha256:a04bee9ab6a4da801eb9b51f1b708a1b5b5c9eb48c03f74198464c66f0d344ac"},
    {file = "cryptography-46.0.3-cp311-abi3-win32.whl", hash = "sha256:f260d0d41e9b4da1ed1e0f1ce571f97fe370b152ab18778e9e8f67d6af432018"},
    {file = "cryptography-46.0.3-cp311-abi3-win_amd64.whl", hash = "sha256:a9a3008438615669153eb86b26b61e09993921ebdd75385ddd748702c5adfddb"},
    {file = "cryptography-46.0.3-cp311-abi3-win_arm64.whl", hash = "sha256:5d7f93296ee28f68447397bf5198428c9aeeab45705a55d53a6343455dcb2c3c"},
    {file = "cryptography-46.0.3-cp314-cp314t-macosx_10_9_universal2.whl", hash = "sha256:00a5e7e87938e5ff9ff5447ab086a5706a957137e6e433841e9d24f38a065217"},
    {file = "cryptography-46.0.3-cp314-cp314t-manylinux2014_aarch64.manylinux_2_17_aarch64.whl", hash = "sha256:c8daeb2d2174beb4575b77482320303f3d39b8e81153da4f0fb08eb5fe86a6c5"},
    {file = "cryptography-46.0.3-cp314-cp314t-manylinux2014_x86_64.manylinux_2_17_x86_64.whl", hash = "sha256:39b6755623145ad5eff1dab323f4eae2a32a77a7abef2c5089a04a3d04366715"},
    {file = "cryptography-46.0.3-cp314-cp314t-manylinux_2_28_aarch64.whl", hash = "sha256:db391fa7c66df6762ee3f00c95a89e6d428f4d60e7abc8328f4fe155b5ac6e54"},
    {file = "cryptography-46.0.3-cp314-cp314t-manylinux_2_28_armv7l.manylinux_2_31_armv7l.whl", hash = "sha256:78a97cf6a8839a48c49271cdcbd5cf37ca2c1d6b7fdd86cc864f302b5e9bf459"},
    {file = "cryptography-46.0.3-cp314-cp314t-manylinux_2_28_ppc64le.whl", hash = "sha256:dfb781ff7eaa91a6f7fd41776ec37c5853c795d3b358d4896fdbb5df168af422"},
    {file = "cryptography-46.0.3-cp314-cp314t-manylinux_2_28_x86_64.whl", hash = "sha256:6f61efb26e76c45c4a227835ddeae96d83624fb0d29eb5df5b96e14ed1a0afb7"},
    {file = "cryptography-46.0.3-cp314-cp314t-manylinux_2_34_aarch64.whl", hash = "sha256:23b1a8f26e43f47ceb6d6a43115f33a5a37d57df4ea0ca295b780ae8546e8044"},
    {file = "cryptography-46.0.3-cp314-cp314t-manylinux_2_34_ppc64le.whl", hash = "sha256:b419ae593c86b87014b9be7396b385491ad7f320bde96826d0dd174459e54665"},
    {file = "cryptography-46.0.3-cp314-cp314t-manylinux_2_34_x86_64.whl", hash = "sha256:50fc3343ac490c6b08c0cf0d704e881d0d660be923fd3076db3e932007e726e3"},
    {file = "cryptography-46.0.3-cp314-cp314t-musllinux_1_2_aarch64.whl", hash = "sha256:22d7e97932f511d6b0b04f2bfd818d73dcd5928db509460aaf48384778eb6d20"},
    {file = "cryptography-46.0.3-cp314-cp314t-musllinux_1_2_x86_64.whl", hash = "sha256:d55f3dffadd674514ad19451161118fd010988540cee43d8bc20675e775925de"},
    {file = "cryptography-46.0.3-cp314-cp314t-win32.whl", hash = "sha256:8a6e050cb6164d3f830453754094c086ff2d0b2f3a897a1d9820f6139a1f0914"},
    {file = "cryptography-46.0.3-cp314-cp314t-win_amd64.whl", hash = "sha256:760f83faa07f8b64e9c33fc963d790a2edb24efb479e3520c14a45741cd9b2db"},
    {file = "cryptography-46.0.3-cp314-cp314t-win_arm64.whl", hash = "sha256:516ea134e703e9fe26bcd1277a4b59ad30586ea90c365a87781d7887a646fe21"},
    {file = "cryptography-46.0.3-cp38-abi3-macosx_10_9_universal2.whl", hash = "sha256:cb3d760a6117f621261d662bccc8ef5bc32ca673e037c83fbe565324f5c46936"},
    {file = "cryptography-46.0.3-cp38-abi3-manylinux2014_aarch64.manylinux_2_17_aarch64.whl", hash = "sha256:4b7387121ac7d15e550f5cb4a43aef2559ed759c35df7336c402bb8275ac9683"},
    {file = "cryptography-46.0.3-cp38-abi3-manylinux2014_x86_64.manylinux_2_17_x86_64.whl", hash = "sha256:15ab9b093e8f09daab0f2159bb7e47532596075139dd74365da52ecc9cb46c5d"},
    {file = "cryptography-46.0.3-cp38-abi3-manylinux_2_28_aarch64.whl", hash = "sha256:46acf53b40ea38f9c6c229599a4a13f0d46a6c3fa9ef19fc1a124d62e338dfa0"},
    {file = "cryptography-46.0.3-cp38-abi3-manylinux_2_28_armv7l.manylinux_2_31_armv7l.whl", hash = "sha256:10ca84c4668d066a9878890047f03546f3ae0a6b8b39b697457b7757aaf18dbc"},
    {file = "cryptography-46.0.3-cp38-abi3-manylinux_2_28_ppc64le.whl", hash = "sha256:36e627112085bb3b81b19fed209c05ce2a52ee8b15d161b7c643a7d5a88491f3"},
    {file = "cryptography-46.0.3-cp38-abi3-manylinux_2_28_x86_64.whl", hash = "sha256:1000713389b75c449a6e979ffc7dcc8ac90b437048766cef052d4d30b8220971"},
    {file = "cryptography-46.0.3-cp38-abi3-manylinux_2_34_aarch64.whl", hash = "sha256:b02cf04496f6576afffef5ddd04a0cb7d49cf6be16a9059d793a30b035f6b6ac"},
    {file = "cryptography-46.0.3-cp38-abi3-manylinux_2_34_ppc64le.whl", hash = "sha256:71e842ec9bc7abf543b47cf86b9a743baa95f4677d22baa4c7d5c69e49e9bc04"},
    {file = "cryptography-46.0.3-cp38-abi3-manylinux_2_34_x86_64.whl", hash = "sha256:402b58fc32614f00980b66d6e56a5b4118e6cb362ae8f3fda141ba4689bd4506"},
    {file = "cryptography-46.0.3-cp38-abi3-musllinux_1_2_aarch64.whl", hash = "sha256:ef639cb3372f69ec44915fafcd6698b6cc78fbe0c2ea41be867f6ed612811963"},
    {file = "cryptography-46.0.3-cp38-abi3-musllinux_1_2_x86_64.whl", hash = "sha256:3b51b8ca4f1c6453d8829e1eb7299499ca7f313900dd4d89a24b8b87c0a780d4"},
    {file = "cryptography-46.0.3-cp38-abi3-win32.whl", hash = "sha256:6276eb85ef938dc035d59b87c8a7dc559a232f954962520137529d77b18ff1df"},
    {file = "cryptography-46.0.3-cp38-abi3-win_amd64.whl", hash = "sha256:416260257577718c05135c55958b674000baef9a1c7d9e8f306ec60d71db850f"},
    {file = "cryptography-46.0.3-cp38-abi3-win_arm64.whl", hash = "sha256:d89c3468de4cdc4f08a57e214384d0471911a3830fcdaf7a8cc587e42a866372"},
    {file = "cryptography-46.0.3.tar.gz", hash = "sha256:a8b17438104fed022ce745b362294d9ce35b4c2e45c1d958ad4a4b019285f4a1"},
]

[[package]]
name = "dateparser"
version = "1.2.2"
requires_python = ">=3.8"
summary = "Date parsing library designed to parse dates from HTML pages"
groups = ["default"]
dependencies = [
    "python-dateutil>=2.7.0",
    "pytz>=2024.2",
    "regex>=2024.9.11",
    "tzlocal>=0.2",
]
files = [
    {file = "dateparser-1.2.2-py3-none-any.whl", hash = "sha256:5a5d7211a09013499867547023a2a0c91d5a27d15dd4dbcea676ea9fe66f2482"},
    {file = "dateparser-1.2.2.tar.gz", hash = "sha256:986316f17cb8cdc23ea8ce563027c5ef12fc725b6fb1d137c14ca08777c5ecf7"},
]

[[package]]
name = "et-xmlfile"
version = "2.0.0"
requires_python = ">=3.8"
summary = "An implementation of lxml.xmlfile for the standard library"
groups = ["default"]
files = [
    {file = "et_xmlfile-2.0.0-py3-none-any.whl", hash = "sha256:7a91720bc756843502c3b7504c77b8fe44217c85c537d85037f0f536151b2caa"},
    {file = "et_xmlfile-2.0.0.tar.gz", hash = "sha256:dab3f4764309081ce75662649be815c4c9081e88f0837825f90fd28317d4da54"},
]

[[package]]
name = "fastexcel"
version = "0.16.0"
requires_python = ">=3.9"
summary = "A fast excel file reader for Python, written in Rust"
groups = ["default"]
dependencies = [
    "typing-extensions>=4.0.0; python_full_version < \"3.10\"",
]
files = [
    {file = "fastexcel-0.16.0-cp39-abi3-macosx_10_12_x86_64.whl", hash = "sha256:48c56a501abc1cf0890294527dc924cb0d919fd5095f684ebcf52806135e9df8"},
    {file = "fastexcel-0.16.0-cp39-abi3-macosx_11_0_arm64.whl", hash = "sha256:bae61533745fae226ea19f6d198570d5c76a8de816e222ff717aff82d8d6e473"},
    {file = "fastexcel-0.16.0-cp39-abi3-manylinux_2_17_aarch64.manylinux2014_aarch64.whl", hash = "sha256:ec1c56b9b3b7b7ff2bde64dbe0e378a707287aff9deeb71ff6d0f8c3b7d24e34"},
    {file = "fastexcel-0.16.0-cp39-abi3-manylinux_2_17_x86_64.manylinux2014_x86_64.whl", hash = "sha256:e1059eac593f4b92843ac9d10901677cccc2a8152c67e315c9dfbd7ce7c722e7"},
    {file = "fastexcel-0.16.0-cp39-abi3-win_amd64.whl", hash = "sha256:04c2b6fea7292e26d76a458f9095f4ec260c864c90be7a7161d20ca81cf77fd8"},
    {file = "fastexcel-0.16.0.tar.gz", hash = "sha256:7f6597ee86e0cda296bcc620d20fcf2de9903f8d3b99b365b7f45248d535556d"},
]

[[package]]
name = "iniconfig"
version = "2.3.0"
requires_python = ">=3.10"
summary = "brain-dead simple config-ini parsing"
groups = ["dev"]
files = [
    {file = "iniconfig-2.3.0-py3-none-any.whl", hash = "sha256:f631c04d2c48c52b84d0d0549c99ff3859c98df65b3101406327ecc7d53fbf12"},
    {file = "iniconfig-2.3.0.tar.gz", hash = "sha256:c76315c77db068650d49c5b56314774a7804df16fee4402c1f19d6d15d8c4730"},
]

[[package]]
name = "jaraco-classes"
version = "3.4.0"
requires_python = ">=3.8"
summary = "Utility functions for Python class constructs"
groups = ["default"]
dependencies = [
    "more-itertools",
]
files = [
    {file = "jaraco.classes-3.4.0-py3-none-any.whl", hash = "sha256:f662826b6bed8cace05e7ff873ce0f9283b5c924470fe664fff1c2f00f581790"},
    {file = "jaraco.classes-3.4.0.tar.gz", hash = "sha256:47a024b51d0239c0dd8c8540c6c7f484be3b8fcf0b2d85c13825780d3b3f3acd"},
]

[[package]]
name = "jaraco-context"
version = "6.0.1"
requires_python = ">=3.8"
summary = "Useful decorators and context managers"
groups = ["default"]
dependencies = [
    "backports-tarfile; python_version < \"3.12\"",
]
files = [
    {file = "jaraco.context-6.0.1-py3-none-any.whl", hash = "sha256:f797fc481b490edb305122c9181830a3a5b76d84ef6d1aef2fb9b47ab956f9e4"},
    {file = "jaraco_context-6.0.1.tar.gz", hash = "sha256:9bae4ea555cf0b14938dc0aee7c9f32ed303aa20a3b73e7dc80111628792d1b3"},
]

[[package]]
name = "jaraco-functools"
version = "4.3.0"
requires_python = ">=3.9"
summary = "Functools like those found in stdlib"
groups = ["default"]
dependencies = [
    "more-itertools",
]
files = [
    {file = "jaraco_functools-4.3.0-py3-none-any.whl", hash = "sha256:227ff8ed6f7b8f62c56deff101545fa7543cf2c8e7b82a7c2116e672f29c26e8"},
    {file = "jaraco_functools-4.3.0.tar.gz", hash = "sha256:cfd13ad0dd2c47a3600b439ef72d8615d482cedcff1632930d6f28924d92f294"},
]

[[package]]
name = "jeepney"
version = "0.9.0"
requires_python = ">=3.7"
summary = "Low-level, pure Python DBus protocol wrapper."
groups = ["default"]
marker = "sys_platform == \"linux\""
files = [
    {file = "jeepney-0.9.0-py3-none-any.whl", hash = "sha256:97e5714520c16fc0a45695e5365a2e11b81ea79bba796e26f9f1d178cb182683"},
    {file = "jeepney-0.9.0.tar.gz", hash = "sha256:cf0e9e845622b81e4a28df94c40345400256ec608d0e55bb8a3feaa9163f5732"},
]

[[package]]
name = "keyring"
version = "25.7.0"
requires_python = ">=3.9"
summary = "Store and access your passwords safely."
groups = ["default"]
dependencies = [
    "SecretStorage>=3.2; sys_platform == \"linux\"",
    "importlib-metadata>=4.11.4; python_version < \"3.12\"",
    "jaraco-classes",
    "jaraco-context",
    "jaraco-functools",
    "jeepney>=0.4.2; sys_platform == \"linux\"",
    "pywin32-ctypes>=0.2.0; sys_platform == \"win32\"",
]
files = [
    {file = "keyring-25.7.0-py3-none-any.whl", hash = "sha256:be4a0b195f149690c166e850609a477c532ddbfbaed96a404d4e43f8d5e2689f"},
    {file = "keyring-25.7.0.tar.gz", hash = "sha256:fe01bd85eb3f8fb3dd0405defdeac9a5b4f6f0439edbb3149577f244a2e8245b"},
]

[[package]]
name = "loguru"
version = "0.7.3"
requires_python = "<4.0,>=3.5"
summary = "Python logging made (stupidly) simple"
groups = ["default"]
dependencies = [
    "aiocontextvars>=0.2.0; python_version < \"3.7\"",
    "colorama>=0.3.4; sys_platform == \"win32\"",
    "win32-setctime>=1.0.0; sys_platform == \"win32\"",
]
files = [
    {file = "loguru-0.7.3-py3-none-any.whl", hash = "sha256:31a33c10c8e1e10422bfd431aeb5d351c7cf7fa671e3c4df004162264b28220c"},
    {file = "loguru-0.7.3.tar.gz", hash = "sha256:19480589e77d47b8d85b2c827ad95d49bf31b0dcde16593892eb51dd18706eb6"},
]

[[package]]
name = "more-itertools"
version = "10.8.0"
requires_python = ">=3.9"
summary = "More routines for operating on iterables, beyond itertools"
groups = ["default"]
files = [
    {file = "more_itertools-10.8.0-py3-none-any.whl", hash = "sha256:52d4362373dcf7c52546bc4af9a86ee7c4579df9a8dc268be0a2f949d376cc9b"},
    {file = "more_itertools-10.8.0.tar.gz", hash = "sha256:f638ddf8a1a0d134181275fb5d58b086ead7c6a72429ad725c67503f13ba30bd"},
]

[[package]]
name = "openpyxl"
version = "3.1.5"
requires_python = ">=3.8"
summary = "A Python library to read/write Excel 2010 xlsx/xlsm files"
groups = ["default"]
dependencies = [
    "et-xmlfile",
]
files = [
    {file = "openpyxl-3.1.5-py2.py3-none-any.whl", hash = "sha256:5282c12b107bffeef825f4617dc029afaf41d0ea60823bbb665ef3079dc79de2"},
    {file = "openpyxl-3.1.5.tar.gz", hash = "sha256:cf0e3cf56142039133628b5acffe8ef0c12bc902d2aadd3e0fe5878dc08d1050"},
]

[[package]]
name = "packaging"
version = "25.0"
requires_python = ">=3.8"
summary = "Core utilities for Python packages"
groups = ["dev"]
files = [
    {file = "packaging-25.0-py3-none-any.whl", hash = "sha256:29572ef2b1f17581046b3a2227d5c611fb25ec70ca1ba8554b24b0e69331a484"},
    {file = "packaging-25.0.tar.gz", hash = "sha256:d443872c98d677bf60f6a1f2f8c1cb748e8fe762d2bf9d3148b5599295b0fc4f"},
]

[[package]]
name = "pluggy"
version = "1.6.0"
requires_python = ">=3.9"
summary = "plugin and hook calling mechanisms for python"
groups = ["dev"]
files = [
    {file = "pluggy-1.6.0-py3-none-any.whl", hash = "sha256:e920276dd6813095e9377c0bc5566d94c932c33b27a3e3945d8389c374dd4746"},
    {file = "pluggy-1.6.0.tar.gz", hash = "sha256:7dcc130b76258d33b90f61b658791dede3486c3e6bfb003ee5c9bfb396dd22f3"},
]

[[package]]
name = "polars"
version = "1.35.1"
requires_python = ">=3.9"
summary = "Blazingly fast DataFrame library"
groups = ["default"]
dependencies = [
    "polars-runtime-32==1.35.1",
]
files = [
    {file = "polars-1.35.1-py3-none-any.whl", hash = "sha256:c29a933f28aa330d96a633adbd79aa5e6a6247a802a720eead9933f4613bdbf4"},
    {file = "polars-1.35.1.tar.gz", hash = "sha256:06548e6d554580151d6ca7452d74bceeec4640b5b9261836889b8e68cfd7a62e"},
]

[[package]]
name = "polars-runtime-32"
version = "1.35.1"
requires_python = ">=3.9"
summary = "Blazingly fast DataFrame library"
groups = ["default"]
files = [
    {file = "polars_runtime_32-1.35.1-cp39-abi3-macosx_10_12_x86_64.whl", hash = "sha256:6f051a42f6ae2f26e3bc2cf1f170f2120602976e2a3ffb6cfba742eecc7cc620"},
    {file = "polars_runtime_32-1.35.1-cp39-abi3-macosx_11_0_arm64.whl", hash = "sha256:c2232f9cf05ba59efc72d940b86c033d41fd2d70bf2742e8115ed7112a766aa9"},
    {file = "polars_runtime_32-1.35.1-cp39-abi3-manylinux_2_17_x86_64.manylinux2014_x86_64.whl", hash = "sha256:42f9837348557fd674477ea40a6ac8a7e839674f6dd0a199df24be91b026024c"},
    {file = "polars_runtime_32-1.35.1-cp39-abi3-manylinux_2_24_aarch64.whl", hash = "sha256:c873aeb36fed182d5ebc35ca17c7eb193fe83ae2ea551ee8523ec34776731390"},
    {file = "polars_runtime_32-1.35.1-cp39-abi3-win_amd64.whl", hash = "sha256:35cde9453ca7032933f0e58e9ed4388f5a1e415dd0db2dd1e442c81d815e630c"},
    {file = "polars_runtime_32-1.35.1-cp39-abi3-win_arm64.whl", hash = "sha256:fd77757a6c9eb9865c4bfb7b07e22225207c6b7da382bd0b9bd47732f637105d"},
    {file = "polars_runtime_32-1.35.1.tar.gz", hash = "sha256:f6b4ec9cd58b31c87af1b8c110c9c986d82345f1d50d7f7595b5d447a19dc365"},
]

[[package]]
name = "pycparser"
version = "2.23"
requires_python = ">=3.8"
summary = "C parser in Python"
groups = ["default"]
marker = "python_full_version >= \"3.9\" and platform_python_implementation != \"PyPy\" and sys_platform == \"linux\" and implementation_name != \"PyPy\""
files = [
    {file = "pycparser-2.23-py3-none-any.whl", hash = "sha256:e5c6e8d3fbad53479cab09ac03729e0a9faf2bee3db8208a550daf5af81a5934"},
    {file = "pycparser-2.23.tar.gz", hash = "sha256:78816d4f24add8f10a06d6f05b4d424ad9e96cfebf68a4ddc99c65c0720d00c2"},
]

[[package]]
name = "pydantic"
version = "2.12.5"
requires_python = ">=3.9"
summary = "Data validation using Python type hints"
groups = ["default"]
dependencies = [
    "annotated-types>=0.6.0",
    "pydantic-core==2.41.5",
    "typing-extensions>=4.14.1",
    "typing-inspection>=0.4.2",
]
files = [
    {file = "pydantic-2.12.5-py3-none-any.whl", hash = "sha256:e561593fccf61e8a20fc46dfc2dfe075b8be7d0188df33f221ad1f0139180f9d"},
    {file = "pydantic-2.12.5.tar.gz", hash = "sha256:4d351024c75c0f085a9febbb665ce8c0c6ec5d30e903bdb6394b7ede26aebb49"},
]

[[package]]
name = "pydantic-core"
version = "2.41.5"
requires_python = ">=3.9"
summary = "Core functionality for Pydantic validation and serialization"
groups = ["default"]
dependencies = [
    "typing-extensions>=4.14.1",
]
files = [
    {file = "pydantic_core-2.41.5-cp313-cp313-macosx_10_12_x86_64.whl", hash = "sha256:941103c9be18ac8daf7b7adca8228f8ed6bb7a1849020f643b3a14d15b1924d9"},
    {file = "pydantic_core-2.41.5-cp313-cp313-macosx_11_0_arm64.whl", hash = "sha256:112e305c3314f40c93998e567879e887a3160bb8689ef3d2c04b6cc62c33ac34"},
    {file = "pydantic_core-2.41.5-cp313-cp313-manylinux_2_17_aarch64.manylinux2014_aarch64.whl", hash = "sha256:0cbaad15cb0c90aa221d43c00e77bb33c93e8d36e0bf74760cd00e732d10a6a0"},
    {file = "pydantic_core-2.41.5-cp313-cp313-manylinux_2_17_armv7l.manylinux2014_armv7l.whl", hash = "sha256:03ca43e12fab6023fc79d28ca6b39b05f794ad08ec2feccc59a339b02f2b3d33"},
    {file = "pydantic_core-2.41.5-cp313-cp313-manylinux_2_17_ppc64le.manylinux2014_ppc64le.whl", hash = "sha256:dc799088c08fa04e43144b164feb0c13f9a0bc40503f8df3e9fde58a3c0c101e"},
    {file = "pydantic_core-2.41.5-cp313-cp313-manylinux_2_17_s390x.manylinux2014_s390x.whl", hash = "sha256:97aeba56665b4c3235a0e52b2c2f5ae9cd071b8a8310ad27bddb3f7fb30e9aa2"},
    {file = "pydantic_core-2.41.5-cp313-cp313-manylinux_2_17_x86_64.manylinux2014_x86_64.whl", hash = "sha256:406bf18d345822d6c21366031003612b9c77b3e29ffdb0f612367352aab7d586"},
    {file = "pydantic_core-2.41.5-cp313-cp313-manylinux_2_5_i686.manylinux1_i686.whl", hash = "sha256:b93590ae81f7010dbe380cdeab6f515902ebcbefe0b9327cc4804d74e93ae69d"},
    {file = "pydantic_core-2.41.5-cp313-cp313-musllinux_1_1_aarch64.whl", hash = "sha256:01a3d0ab748ee531f4ea6c3e48ad9dac84ddba4b0d82291f87248f2f9de8d740"},
    {file = "pydantic_core-2.41.5-cp313-cp313-musllinux_1_1_armv7l.whl", hash = "sha256:6561e94ba9dacc9c61bce40e2d6bdc3bfaa0259d3ff36ace3b1e6901936d2e3e"},
    {file = "pydantic_core-2.41.5-cp313-cp313-musllinux_1_1_x86_64.whl", hash = "sha256:915c3d10f81bec3a74fbd4faebe8391013ba61e5a1a8d48c4455b923bdda7858"},
    {file = "pydantic_core-2.41.5-cp313-cp313-win32.whl", hash = "sha256:650ae77860b45cfa6e2cdafc42618ceafab3a2d9a3811fcfbd3bbf8ac3c40d36"},
    {file = "pydantic_core-2.41.5-cp313-cp313-win_amd64.whl", hash = "sha256:79ec52ec461e99e13791ec6508c722742ad745571f234ea6255bed38c6480f11"},
    {file = "pydantic_core-2.41.5-cp313-cp313-win_arm64.whl", hash = "sha256:3f84d5c1b4ab906093bdc1ff10484838aca54ef08de4afa9de0f5f14d69639cd"},
    {file = "pydantic_core-2.41.5-cp314-cp314-macosx_10_12_x86_64.whl", hash = "sha256:3f37a19d7ebcdd20b96485056ba9e8b304e27d9904d233d7b1015db320e51f0a"},
    {file = "pydantic_core-2.41.5-cp314-cp314-macosx_11_0_arm64.whl", hash = "sha256:1d1d9764366c73f996edd17abb6d9d7649a7eb690006ab6adbda117717099b14"},
    {file = "pydantic_core-2.41.5-cp314-cp314-manylinux_2_17_aarch64.manylinux2014_aarch64.whl", hash = "sha256:25e1c2af0fce638d5f1988b686f3b3ea8cd7de5f244ca147c777769e798a9cd1"},
    {file = "pydantic_core-2.41.5-cp314-cp314-manylinux_2_17_armv7l.manylinux2014_armv7l.whl", hash = "sha256:506d766a8727beef16b7adaeb8ee6217c64fc813646b424d0804d67c16eddb66"},
    {file = "pydantic_core-2.41.5-cp314-cp314-manylinux_2_17_ppc64le.manylinux2014_ppc64le.whl", hash = "sha256:4819fa52133c9aa3c387b3328f25c1facc356491e6135b459f1de698ff64d869"},
    {file = "pydantic_core-2.41.5-cp314-cp314-manylinux_2_17_s390x.manylinux2014_s390x.whl", hash = "sha256:2b761d210c9ea91feda40d25b4efe82a1707da2ef62901466a42492c028553a2"},
    {file = "pydantic_core-2.41.5-cp314-cp314-manylinux_2_17_x86_64.manylinux2014_x86_64.whl", hash = "sha256:22f0fb8c1c583a3b6f24df2470833b40207e907b90c928cc8d3594b76f874375"},
    {file = "pydantic_core-2.41.5-cp314-cp314-manylinux_2_5_i686.manylinux1_i686.whl", hash = "sha256:2782c870e99878c634505236d81e5443092fba820f0373997ff75f90f68cd553"},
    {file = "pydantic_core-2.41.5-cp314-cp314-musllinux_1_1_aarch64.whl", hash = "sha256:0177272f88ab8312479336e1d777f6b124537d47f2123f89cb37e0accea97f90"},
    {file = "pydantic_core-2.41.5-cp314-cp314-musllinux_1_1_armv7l.whl", hash = "sha256:63510af5e38f8955b8ee5687740d6ebf7c2a0886d15a6d65c32814613681bc07"},
    {file = "pydantic_core-2.41.5-cp314-cp314-musllinux_1_1_x86_64.whl", hash = "sha256:e56ba91f47764cc14f1daacd723e3e82d1a89d783f0f5afe9c364b8bb491ccdb"},
    {file = "pydantic_core-2.41.5-cp314-cp314-win32.whl", hash = "sha256:aec5cf2fd867b4ff45b9959f8b20ea3993fc93e63c7363fe6851424c8a7e7c23"},
    {file = "pydantic_core-2.41.5-cp314-cp314-win_amd64.whl", hash = "sha256:8e7c86f27c585ef37c35e56a96363ab8de4e549a95512445b85c96d3e2f7c1bf"},
    {file = "pydantic_core-2.41.5-cp314-cp314-win_arm64.whl", hash = "sha256:e672ba74fbc2dc8eea59fb6d4aed6845e6905fc2a8afe93175d94a83ba2a01a0"},
    {file = "pydantic_core-2.41.5-cp314-cp314t-macosx_10_12_x86_64.whl", hash = "sha256:8566def80554c3faa0e65ac30ab0932b9e3a5cd7f8323764303d468e5c37595a"},
    {file = "pydantic_core-2.41.5-cp314-cp314t-macosx_11_0_arm64.whl", hash = "sha256:b80aa5095cd3109962a298ce14110ae16b8c1aece8b72f9dafe81cf597ad80b3"},
    {file = "pydantic_core-2.41.5-cp314-cp314t-manylinux_2_17_aarch64.manylinux2014_aarch64.whl", hash = "sha256:3006c3dd9ba34b0c094c544c6006cc79e87d8612999f1a5d43b769b89181f23c"},
    {file = "pydantic_core-2.41.5-cp314-cp314t-manylinux_2_17_armv7l.manylinux2014_armv7l.whl", hash = "sha256:72f6c8b11857a856bcfa48c86f5368439f74453563f951e473514579d44aa612"},
    {file = "pydantic_core-2.41.5-cp314-cp314t-manylinux_2_17_ppc64le.manylinux2014_ppc64le.whl", hash = "sha256:5cb1b2f9742240e4bb26b652a5aeb840aa4b417c7748b6f8387927bc6e45e40d"},
    {file = "pydantic_core-2.41.5-cp314-cp314t-manylinux_2_17_s390x.manylinux2014_s390x.whl", hash = "sha256:bd3d54f38609ff308209bd43acea66061494157703364ae40c951f83ba99a1a9"},
    {file = "pydantic_core-2.41.5-cp314-cp314t-manylinux_2_17_x86_64.manylinux2014_x86_64.whl", hash = "sha256:2ff4321e56e879ee8d2a879501c8e469414d948f4aba74a2d4593184eb326660"},
    {file = "pydantic_core-2.41.5-cp314-cp314t-manylinux_2_5_i686.manylinux1_i686.whl", hash = "sha256:d0d2568a8c11bf8225044aa94409e21da0cb09dcdafe9ecd10250b2baad531a9"},
    {file = "pydantic_core-2.41.5-cp314-cp314t-musllinux_1_1_aarch64.whl", hash = "sha256:a39455728aabd58ceabb03c90e12f71fd30fa69615760a075b9fec596456ccc3"},
    {file = "pydantic_core-2.41.5-cp314-cp314t-musllinux_1_1_armv7l.whl", hash = "sha256:239edca560d05757817c13dc17c50766136d21f7cd0fac50295499ae24f90fdf"},
    {file = "pydantic_core-2.41.5-cp314-cp314t-musllinux_1_1_x86_64.whl", hash = "sha256:2a5e06546e19f24c6a96a129142a75cee553cc018ffee48a460059b1185f4470"},
    {file = "pydantic_core-2.41.5-cp314-cp314t-win32.whl", hash = "sha256:b4ececa40ac28afa90871c2cc2b9ffd2ff0bf749380fbdf57d165fd23da353aa"},
    {file = "pydantic_core-2.41.5-cp314-cp314t-win_amd64.whl", hash = "sha256:80aa89cad80b32a912a65332f64a4450ed00966111b6615ca6816153d3585a8c"},
    {file = "pydantic_core-2.41.5-cp314-cp314t-win_arm64.whl", hash = "sha256:35b44f37a3199f771c3eaa53051bc8a70cd7b54f333531c59e29fd4db5d15008"},
    {file = "pydantic_core-2.41.5.tar.gz", hash = "sha256:08daa51ea16ad373ffd5e7606252cc32f07bc72b28284b6bc9c6df804816476e"},
]

[[package]]
name = "pygments"
version = "2.19.2"
requires_python = ">=3.8"
summary = "Pygments is a syntax highlighting package written in Python."
groups = ["dev"]
files = [
    {file = "pygments-2.19.2-py3-none-any.whl", hash = "sha256:86540386c03d588bb81d44bc3928634ff26449851e99741617ecb9037ee5ec0b"},
    {file = "pygments-2.19.2.tar.gz", hash = "sha256:636cb2477cec7f8952536970bc533bc43743542f70392ae026374600add5b887"},
]

[[package]]
name = "pytest"
version = "8.4.2"
requires_python = ">=3.9"
summary = "pytest: simple powerful testing with Python"
groups = ["dev"]
dependencies = [
    "colorama>=0.4; sys_platform == \"win32\"",
    "exceptiongroup>=1; python_version < \"3.11\"",
    "iniconfig>=1",
    "packaging>=20",
    "pluggy<2,>=1.5",
    "pygments>=2.7.2",
    "tomli>=1; python_version < \"3.11\"",
]
files = [
    {file = "pytest-8.4.2-py3-none-any.whl", hash = "sha256:872f880de3fc3a5bdc88a11b39c9710c3497a547cfa9320bc3c5e62fbf272e79"},
    {file = "pytest-8.4.2.tar.gz", hash = "sha256:86c0d0b93306b961d58d62a4db4879f27fe25513d4b969df351abdddb3c30e01"},
]

[[package]]
name = "python-dateutil"
version = "2.9.0.post0"
requires_python = "!=3.0.*,!=3.1.*,!=3.2.*,>=2.7"
summary = "Extensions to the standard Python datetime module"
groups = ["default"]
dependencies = [
    "six>=1.5",
]
files = [
    {file = "python-dateutil-2.9.0.post0.tar.gz", hash = "sha256:37dd54208da7e1cd875388217d5e00ebd4179249f90fb72437e91a35459a0ad3"},
    {file = "python_dateutil-2.9.0.post0-py2.py3-none-any.whl", hash = "sha256:a8b2bc7bffae282281c8140a97d3aa9c14da0b136dfe83f850eea9a5f7470427"},
]

[[package]]
name = "pytz"
version = "2025.2"
summary = "World timezone definitions, modern and historical"
groups = ["default"]
files = [
    {file = "pytz-2025.2-py2.py3-none-any.whl", hash = "sha256:5ddf76296dd8c44c26eb8f4b6f35488f3ccbf6fbbd7adee0b7262d43f0ec2f00"},
    {file = "pytz-2025.2.tar.gz", hash = "sha256:360b9e3dbb49a209c21ad61809c7fb453643e048b38924c765813546746e81c3"},
]

[[package]]
name = "pywin32-ctypes"
version = "0.2.3"
requires_python = ">=3.6"
summary = "A (partial) reimplementation of pywin32 using ctypes/cffi"
groups = ["default"]
marker = "sys_platform == \"win32\""
files = [
    {file = "pywin32-ctypes-0.2.3.tar.gz", hash = "sha256:d162dc04946d704503b2edc4d55f3dba5c1d539ead017afa00142c38b9885755"},
    {file = "pywin32_ctypes-0.2.3-py3-none-any.whl", hash = "sha256:8a1513379d709975552d202d942d9837758905c8d01eb82b8bcc30918929e7b8"},
]

[[package]]
name = "regex"
version = "2025.10.23"
requires_python = ">=3.9"
summary = "Alternative regular expression module, to replace re."
groups = ["default"]
files = [
    {file = "regex-2025.10.23-cp313-cp313-macosx_10_13_universal2.whl", hash = "sha256:b7690f95404a1293923a296981fd943cca12c31a41af9c21ba3edd06398fc193"},
    {file = "regex-2025.10.23-cp313-cp313-macosx_10_13_x86_64.whl", hash = "sha256:1a32d77aeaea58a13230100dd8797ac1a84c457f3af2fdf0d81ea689d5a9105b"},
    {file = "regex-2025.10.23-cp313-cp313-macosx_11_0_arm64.whl", hash = "sha256:b24b29402f264f70a3c81f45974323b41764ff7159655360543b7cabb73e7d2f"},
    {file = "regex-2025.10.23-cp313-cp313-manylinux2014_aarch64.manylinux_2_17_aarch64.manylinux_2_28_aarch64.whl", hash = "sha256:563824a08c7c03d96856d84b46fdb3bbb7cfbdf79da7ef68725cda2ce169c72a"},
    {file = "regex-2025.10.23-cp313-cp313-manylinux2014_ppc64le.manylinux_2_17_ppc64le.manylinux_2_28_ppc64le.whl", hash = "sha256:a0ec8bdd88d2e2659c3518087ee34b37e20bd169419ffead4240a7004e8ed03b"},
    {file = "regex-2025.10.23-cp313-cp313-manylinux2014_s390x.manylinux_2_17_s390x.manylinux_2_28_s390x.whl", hash = "sha256:b577601bfe1d33913fcd9276d7607bbac827c4798d9e14d04bf37d417a6c41cb"},
    {file = "regex-2025.10.23-cp313-cp313-manylinux2014_x86_64.manylinux_2_17_x86_64.manylinux_2_28_x86_64.whl", hash = "sha256:7c9f2c68ac6cb3de94eea08a437a75eaa2bd33f9e97c84836ca0b610a5804368"},
    {file = "regex-2025.10.23-cp313-cp313-musllinux_1_2_aarch64.whl", hash = "sha256:89f8b9ea3830c79468e26b0e21c3585f69f105157c2154a36f6b7839f8afb351"},
    {file = "regex-2025.10.23-cp313-cp313-musllinux_1_2_ppc64le.whl", hash = "sha256:98fd84c4e4ea185b3bb5bf065261ab45867d8875032f358a435647285c722673"},
    {file = "regex-2025.10.23-cp313-cp313-musllinux_1_2_s390x.whl", hash = "sha256:1e11d3e5887b8b096f96b4154dfb902f29c723a9556639586cd140e77e28b313"},
    {file = "regex-2025.10.23-cp313-cp313-musllinux_1_2_x86_64.whl", hash = "sha256:4f13450328a6634348d47a88367e06b64c9d84980ef6a748f717b13f8ce64e87"},
    {file = "regex-2025.10.23-cp313-cp313-win32.whl", hash = "sha256:37be9296598a30c6a20236248cb8b2c07ffd54d095b75d3a2a2ee5babdc51df1"},
    {file = "regex-2025.10.23-cp313-cp313-win_amd64.whl", hash = "sha256:ea7a3c283ce0f06fe789365841e9174ba05f8db16e2fd6ae00a02df9572c04c0"},
    {file = "regex-2025.10.23-cp313-cp313-win_arm64.whl", hash = "sha256:d9a4953575f300a7bab71afa4cd4ac061c7697c89590a2902b536783eeb49a4f"},
    {file = "regex-2025.10.23-cp313-cp313t-macosx_10_13_universal2.whl", hash = "sha256:7d6606524fa77b3912c9ef52a42ef63c6cfbfc1077e9dc6296cd5da0da286044"},
    {file = "regex-2025.10.23-cp313-cp313t-macosx_10_13_x86_64.whl", hash = "sha256:c037aadf4d64bdc38af7db3dbd34877a057ce6524eefcb2914d6d41c56f968cc"},
    {file = "regex-2025.10.23-cp313-cp313t-macosx_11_0_arm64.whl", hash = "sha256:99018c331fb2529084a0c9b4c713dfa49fafb47c7712422e49467c13a636c656"},
    {file = "regex-2025.10.23-cp313-cp313t-manylinux2014_aarch64.manylinux_2_17_aarch64.manylinux_2_28_aarch64.whl", hash = "sha256:fd8aba965604d70306eb90a35528f776e59112a7114a5162824d43b76fa27f58"},
    {file = "regex-2025.10.23-cp313-cp313t-manylinux2014_ppc64le.manylinux_2_17_ppc64le.manylinux_2_28_ppc64le.whl", hash = "sha256:238e67264b4013e74136c49f883734f68656adf8257bfa13b515626b31b20f8e"},
    {file = "regex-2025.10.23-cp313-cp313t-manylinux2014_s390x.manylinux_2_17_s390x.manylinux_2_28_s390x.whl", hash = "sha256:b2eb48bd9848d66fd04826382f5e8491ae633de3233a3d64d58ceb4ecfa2113a"},
    {file = "regex-2025.10.23-cp313-cp313t-manylinux2014_x86_64.manylinux_2_17_x86_64.manylinux_2_28_x86_64.whl", hash = "sha256:d36591ce06d047d0c0fe2fc5f14bfbd5b4525d08a7b6a279379085e13f0e3d0e"},
    {file = "regex-2025.10.23-cp313-cp313t-musllinux_1_2_aarch64.whl", hash = "sha256:b5d4ece8628d6e364302006366cea3ee887db397faebacc5dacf8ef19e064cf8"},
    {file = "regex-2025.10.23-cp313-cp313t-musllinux_1_2_ppc64le.whl", hash = "sha256:39a7e8083959cb1c4ff74e483eecb5a65d3b3e1d821b256e54baf61782c906c6"},
    {file = "regex-2025.10.23-cp313-cp313t-musllinux_1_2_s390x.whl", hash = "sha256:842d449a8fefe546f311656cf8c0d6729b08c09a185f1cad94c756210286d6a8"},
    {file = "regex-2025.10.23-cp313-cp313t-musllinux_1_2_x86_64.whl", hash = "sha256:d614986dc68506be8f00474f4f6960e03e4ca9883f7df47744800e7d7c08a494"},
    {file = "regex-2025.10.23-cp313-cp313t-win32.whl", hash = "sha256:a5b7a26b51a9df473ec16a1934d117443a775ceb7b39b78670b2e21893c330c9"},
    {file = "regex-2025.10.23-cp313-cp313t-win_amd64.whl", hash = "sha256:ce81c5544a5453f61cb6f548ed358cfb111e3b23f3cd42d250a4077a6be2a7b6"},
    {file = "regex-2025.10.23-cp313-cp313t-win_arm64.whl", hash = "sha256:e9bf7f6699f490e4e43c44757aa179dab24d1960999c84ab5c3d5377714ed473"},
    {file = "regex-2025.10.23-cp314-cp314-macosx_10_13_universal2.whl", hash = "sha256:5b5cb5b6344c4c4c24b2dc87b0bfee78202b07ef7633385df70da7fcf6f7cec6"},
    {file = "regex-2025.10.23-cp314-cp314-macosx_10_13_x86_64.whl", hash = "sha256:a6ce7973384c37bdf0f371a843f95a6e6f4e1489e10e0cf57330198df72959c5"},
    {file = "regex-2025.10.23-cp314-cp314-macosx_11_0_arm64.whl", hash = "sha256:2ee3663f2c334959016b56e3bd0dd187cbc73f948e3a3af14c3caaa0c3035d10"},
    {file = "regex-2025.10.23-cp314-cp314-manylinux2014_aarch64.manylinux_2_17_aarch64.manylinux_2_28_aarch64.whl", hash = "sha256:2003cc82a579107e70d013482acce8ba773293f2db534fb532738395c557ff34"},
    {file = "regex-2025.10.23-cp314-cp314-manylinux2014_ppc64le.manylinux_2_17_ppc64le.manylinux_2_28_ppc64le.whl", hash = "sha256:182c452279365a93a9f45874f7f191ec1c51e1f1eb41bf2b16563f1a40c1da3a"},
    {file = "regex-2025.10.23-cp314-cp314-manylinux2014_s390x.manylinux_2_17_s390x.manylinux_2_28_s390x.whl", hash = "sha256:b1249e9ff581c5b658c8f0437f883b01f1edcf424a16388591e7c05e5e9e8b0c"},
    {file = "regex-2025.10.23-cp314-cp314-manylinux2014_x86_64.manylinux_2_17_x86_64.manylinux_2_28_x86_64.whl", hash = "sha256:2b841698f93db3ccc36caa1900d2a3be281d9539b822dc012f08fc80b46a3224"},
    {file = "regex-2025.10.23-cp314-cp314-musllinux_1_2_aarch64.whl", hash = "sha256:956d89e0c92d471e8f7eee73f73fdff5ed345886378c45a43175a77538a1ffe4"},
    {file = "regex-2025.10.23-cp314-cp314-musllinux_1_2_ppc64le.whl", hash = "sha256:5c259cb363299a0d90d63b5c0d7568ee98419861618a95ee9d91a41cb9954462"},
    {file = "regex-2025.10.23-cp314-cp314-musllinux_1_2_s390x.whl", hash = "sha256:185d2b18c062820b3a40d8fefa223a83f10b20a674bf6e8c4a432e8dfd844627"},
    {file = "regex-2025.10.23-cp314-cp314-musllinux_1_2_x86_64.whl", hash = "sha256:281d87fa790049c2b7c1b4253121edd80b392b19b5a3d28dc2a77579cb2a58ec"},
    {file = "regex-2025.10.23-cp314-cp314-win32.whl", hash = "sha256:63b81eef3656072e4ca87c58084c7a9c2b81d41a300b157be635a8a675aacfb8"},
    {file = "regex-2025.10.23-cp314-cp314-win_amd64.whl", hash = "sha256:0967c5b86f274800a34a4ed862dfab56928144d03cb18821c5153f8777947796"},
    {file = "regex-2025.10.23-cp314-cp314-win_arm64.whl", hash = "sha256:c70dfe58b0a00b36aa04cdb0f798bf3e0adc31747641f69e191109fd8572c9a9"},
    {file = "regex-2025.10.23-cp314-cp314t-macosx_10_13_universal2.whl", hash = "sha256:1f5799ea1787aa6de6c150377d11afad39a38afd033f0c5247aecb997978c422"},
    {file = "regex-2025.10.23-cp314-cp314t-macosx_10_13_x86_64.whl", hash = "sha256:a9639ab7540cfea45ef57d16dcbea2e22de351998d614c3ad2f9778fa3bdd788"},
    {file = "regex-2025.10.23-cp314-cp314t-macosx_11_0_arm64.whl", hash = "sha256:08f52122c352eb44c3421dab78b9b73a8a77a282cc8314ae576fcaa92b780d10"},
    {file = "regex-2025.10.23-cp314-cp314t-manylinux2014_aarch64.manylinux_2_17_aarch64.manylinux_2_28_aarch64.whl", hash = "sha256:ebf1baebef1c4088ad5a5623decec6b52950f0e4d7a0ae4d48f0a99f8c9cb7d7"},
    {file = "regex-2025.10.23-cp314-cp314t-manylinux2014_ppc64le.manylinux_2_17_ppc64le.manylinux_2_28_ppc64le.whl", hash = "sha256:16b0f1c2e2d566c562d5c384c2b492646be0a19798532fdc1fdedacc66e3223f"},
    {file = "regex-2025.10.23-cp314-cp314t-manylinux2014_s390x.manylinux_2_17_s390x.manylinux_2_28_s390x.whl", hash = "sha256:f7ada5d9dceafaab92646aa00c10a9efd9b09942dd9b0d7c5a4b73db92cc7e61"},
    {file = "regex-2025.10.23-cp314-cp314t-manylinux2014_x86_64.manylinux_2_17_x86_64.manylinux_2_28_x86_64.whl", hash = "sha256:3a36b4005770044bf08edecc798f0e41a75795b9e7c9c12fe29da8d792ef870c"},
    {file = "regex-2025.10.23-cp314-cp314t-musllinux_1_2_aarch64.whl", hash = "sha256:af7b2661dcc032da1fae82069b5ebf2ac1dfcd5359ef8b35e1367bfc92181432"},
    {file = "regex-2025.10.23-cp314-cp314t-musllinux_1_2_ppc64le.whl", hash = "sha256:1cb976810ac1416a67562c2e5ba0accf6f928932320fef302e08100ed681b38e"},
    {file = "regex-2025.10.23-cp314-cp314t-musllinux_1_2_s390x.whl", hash = "sha256:1a56a54be3897d62f54290190fbcd754bff6932934529fbf5b29933da28fcd43"},
    {file = "regex-2025.10.23-cp314-cp314t-musllinux_1_2_x86_64.whl", hash = "sha256:8f3e6d202fb52c2153f532043bbcf618fd177df47b0b306741eb9b60ba96edc3"},
    {file = "regex-2025.10.23-cp314-cp314t-win32.whl", hash = "sha256:1fa1186966b2621b1769fd467c7b22e317e6ba2d2cdcecc42ea3089ef04a8521"},
    {file = "regex-2025.10.23-cp314-cp314t-win_amd64.whl", hash = "sha256:08a15d40ce28362eac3e78e83d75475147869c1ff86bc93285f43b4f4431a741"},
    {file = "regex-2025.10.23-cp314-cp314t-win_arm64.whl", hash = "sha256:a93e97338e1c8ea2649e130dcfbe8cd69bba5e1e163834752ab64dcb4de6d5ed"},
    {file = "regex-2025.10.23.tar.gz", hash = "sha256:8cbaf8ceb88f96ae2356d01b9adf5e6306fa42fa6f7eab6b97794e37c959ac26"},
]

[[package]]
name = "secretstorage"
version = "3.5.0"
requires_python = ">=3.10"
summary = "Python bindings to FreeDesktop.org Secret Service API"
groups = ["default"]
marker = "sys_platform == \"linux\""
dependencies = [
    "cryptography>=2.0",
    "jeepney>=0.6",
]
files = [
    {file = "secretstorage-3.5.0-py3-none-any.whl", hash = "sha256:0ce65888c0725fcb2c5bc0fdb8e5438eece02c523557ea40ce0703c266248137"},
    {file = "secretstorage-3.5.0.tar.gz", hash = "sha256:f04b8e4689cbce351744d5537bf6b1329c6fc68f91fa666f60a380edddcd11be"},
]

[[package]]
name = "six"
version = "1.17.0"
requires_python = "!=3.0.*,!=3.1.*,!=3.2.*,>=2.7"
summary = "Python 2 and 3 compatibility utilities"
groups = ["default"]
files = [
    {file = "six-1.17.0-py2.py3-none-any.whl", hash = "sha256:4721f391ed90541fddacab5acf947aa0d3dc7d27b2e1e8eda2be8970586c3274"},
    {file = "six-1.17.0.tar.gz", hash = "sha256:ff70335d468e7eb6ec65b95b99d3a2836546063f63acc5171de367e834932a81"},
]

[[package]]
name = "types-openpyxl"
version = "3.1.5.20250919"
requires_python = ">=3.9"
summary = "Typing stubs for openpyxl"
groups = ["default"]
files = [
    {file = "types_openpyxl-3.1.5.20250919-py3-none-any.whl", hash = "sha256:bd06f18b12fd5e1c9f0b666ee6151d8140216afa7496f7ebb9fe9d33a1a3ce99"},
    {file = "types_openpyxl-3.1.5.20250919.tar.gz", hash = "sha256:232b5906773eebace1509b8994cdadda043f692cfdba9bfbb86ca921d54d32d7"},
]

[[package]]
name = "typing-extensions"
version = "4.15.0"
requires_python = ">=3.9"
summary = "Backported and Experimental Type Hints for Python 3.9+"
groups = ["default"]
files = [
    {file = "typing_extensions-4.15.0-py3-none-any.whl", hash = "sha256:f0fa19c6845758ab08074a0cfa8b7aecb71c999ca73d62883bc25cc018c4e548"},
    {file = "typing_extensions-4.15.0.tar.gz", hash = "sha256:0cea48d173cc12fa28ecabc3b837ea3cf6f38c6d1136f85cbaaf598984861466"},
]

[[package]]
name = "typing-inspection"
version = "0.4.2"
requires_python = ">=3.9"
summary = "Runtime typing introspection tools"
groups = ["default"]
dependencies = [
    "typing-extensions>=4.12.0",
]
files = [
    {file = "typing_inspection-0.4.2-py3-none-any.whl", hash = "sha256:4ed1cacbdc298c220f1bd249ed5287caa16f34d44ef4e9c3d0cbad5b521545e7"},
    {file = "typing_inspection-0.4.2.tar.gz", hash = "sha256:ba561c48a67c5958007083d386c3295464928b01faa735ab8547c5692e87f464"},
]

[[package]]
name = "tzdata"
version = "2025.2"
requires_python = ">=2"
summary = "Provider of IANA time zone data"
groups = ["default"]
marker = "platform_system == \"Windows\""
files = [
    {file = "tzdata-2025.2-py2.py3-none-any.whl", hash = "sha256:1a403fada01ff9221ca8044d701868fa132215d84beb92242d9acd2147f667a8"},
    {file = "tzdata-2025.2.tar.gz", hash = "sha256:b60a638fcc0daffadf82fe0f57e53d06bdec2f36c4df66280ae79bce6bd6f2b9"},
]

[[package]]
name = "tzlocal"
version = "5.3.1"
requires_python = ">=3.9"
summary = "tzinfo object for the local timezone"
groups = ["default"]
dependencies = [
    "tzdata; platform_system == \"Windows\"",
]
files = [
    {file = "tzlocal-5.3.1-py3-none-any.whl", hash = "sha256:eb1a66c3ef5847adf7a834f1be0800581b683b5608e74f86ecbcef8ab91bb85d"},
    {file = "tzlocal-5.3.1.tar.gz", hash = "sha256:cceffc7edecefea1f595541dbd6e990cb1ea3d19bf01b2809f362a03dd7921fd"},
]

[[package]]
name = "uiautomation"
version = "2.0.29"
summary = "Python UIAutomation for Windows"
groups = ["default"]
dependencies = [
    "comtypes>=1.2.1",
]
files = [
    {file = "uiautomation-2.0.29-py3-none-any.whl", hash = "sha256:5dd51c9e77e70470142a13d903be67f256c445e7cf20b47ada0ece2bdaff9f32"},
    {file = "uiautomation-2.0.29.tar.gz", hash = "sha256:3c169112043ce21065aead1d79c3baebdafc9cf03bd24ded02b2db11d423d88d"},
]

[[package]]
name = "win32-setctime"
version = "1.2.0"
requires_python = ">=3.5"
summary = "A small Python utility to set file creation time on Windows"
groups = ["default"]
marker = "sys_platform == \"win32\""
files = [
    {file = "win32_setctime-1.2.0-py3-none-any.whl", hash = "sha256:95d644c4e708aba81dc3704a116d8cbc974d70b3bdb8be1d150e36be6e9d1390"},
    {file = "win32_setctime-1.2.0.tar.gz", hash = "sha256:ae1fdf948f5640aae05c511ade119313fb6a30d7eabe25fef9764dca5873c4c0"},
]
