# This file is @generated by PDM.
# It is not intended for manual editing.

[metadata]
groups = ["default", "dev"]
strategy = ["inherit_metadata"]
lock_version = "4.5.0"
content_hash = "sha256:76cd75776906b44eaf38d1d3ad851f0d222f2e9ed6200616748970486b96daf9"

[[metadata.targets]]
requires_python = ">=3.13"

[[package]]
name = "colorama"
version = "0.4.6"
requires_python = "!=3.0.*,!=3.1.*,!=3.2.*,!=3.3.*,!=3.4.*,!=3.5.*,!=3.6.*,>=2.7"
summary = "Cross-platform colored terminal text."
groups = ["default", "dev"]
marker = "sys_platform == \"win32\""
files = [
    {file = "colorama-0.4.6-py2.py3-none-any.whl", hash = "sha256:4f1d9991f5acc0ca119f9d443620b77f9d6b33703e51011c16baf57afb285fc6"},
    {file = "colorama-0.4.6.tar.gz", hash = "sha256:08695f5cb7ed6e0531a20572697297273c47b8cae5a63ffc6d6ed5c201be6e44"},
]

[[package]]
name = "dateparser"
version = "1.2.2"
requires_python = ">=3.8"
summary = "Date parsing library designed to parse dates from HTML pages"
groups = ["default"]
dependencies = [
    "python-dateutil>=2.7.0",
    "pytz>=2024.2",
    "regex>=2024.9.11",
    "tzlocal>=0.2",
]
files = [
    {file = "dateparser-1.2.2-py3-none-any.whl", hash = "sha256:5a5d7211a09013499867547023a2a0c91d5a27d15dd4dbcea676ea9fe66f2482"},
    {file = "dateparser-1.2.2.tar.gz", hash = "sha256:986316f17cb8cdc23ea8ce563027c5ef12fc725b6fb1d137c14ca08777c5ecf7"},
]

[[package]]
name = "et-xmlfile"
version = "2.0.0"
requires_python = ">=3.8"
summary = "An implementation of lxml.xmlfile for the standard library"
groups = ["default"]
files = [
    {file = "et_xmlfile-2.0.0-py3-none-any.whl", hash = "sha256:7a91720bc756843502c3b7504c77b8fe44217c85c537d85037f0f536151b2caa"},
    {file = "et_xmlfile-2.0.0.tar.gz", hash = "sha256:dab3f4764309081ce75662649be815c4c9081e88f0837825f90fd28317d4da54"},
]

[[package]]
name = "fastexcel"
version = "0.16.0"
requires_python = ">=3.9"
summary = "A fast excel file reader for Python, written in Rust"
groups = ["default"]
dependencies = [
    "typing-extensions>=4.0.0; python_full_version < \"3.10\"",
]
files = [
    {file = "fastexcel-0.16.0-cp39-abi3-macosx_10_12_x86_64.whl", hash = "sha256:48c56a501abc1cf0890294527dc924cb0d919fd5095f684ebcf52806135e9df8"},
    {file = "fastexcel-0.16.0-cp39-abi3-macosx_11_0_arm64.whl", hash = "sha256:bae61533745fae226ea19f6d198570d5c76a8de816e222ff717aff82d8d6e473"},
    {file = "fastexcel-0.16.0-cp39-abi3-manylinux_2_17_aarch64.manylinux2014_aarch64.whl", hash = "sha256:ec1c56b9b3b7b7ff2bde64dbe0e378a707287aff9deeb71ff6d0f8c3b7d24e34"},
    {file = "fastexcel-0.16.0-cp39-abi3-manylinux_2_17_x86_64.manylinux2014_x86_64.whl", hash = "sha256:e1059eac593f4b92843ac9d10901677cccc2a8152c67e315c9dfbd7ce7c722e7"},
    {file = "fastexcel-0.16.0-cp39-abi3-win_amd64.whl", hash = "sha256:04c2b6fea7292e26d76a458f9095f4ec260c864c90be7a7161d20ca81cf77fd8"},
    {file = "fastexcel-0.16.0.tar.gz", hash = "sha256:7f6597ee86e0cda296bcc620d20fcf2de9903f8d3b99b365b7f45248d535556d"},
]

[[package]]
name = "iniconfig"
version = "2.3.0"
requires_python = ">=3.10"
summary = "brain-dead simple config-ini parsing"
groups = ["dev"]
files = [
    {file = "iniconfig-2.3.0-py3-none-any.whl", hash = "sha256:f631c04d2c48c52b84d0d0549c99ff3859c98df65b3101406327ecc7d53fbf12"},
    {file = "iniconfig-2.3.0.tar.gz", hash = "sha256:c76315c77db068650d49c5b56314774a7804df16fee4402c1f19d6d15d8c4730"},
]

[[package]]
name = "loguru"
version = "0.7.3"
requires_python = "<4.0,>=3.5"
summary = "Python logging made (stupidly) simple"
groups = ["default"]
dependencies = [
    "aiocontextvars>=0.2.0; python_version < \"3.7\"",
    "colorama>=0.3.4; sys_platform == \"win32\"",
    "win32-setctime>=1.0.0; sys_platform == \"win32\"",
]
files = [
    {file = "loguru-0.7.3-py3-none-any.whl", hash = "sha256:31a33c10c8e1e10422bfd431aeb5d351c7cf7fa671e3c4df004162264b28220c"},
    {file = "loguru-0.7.3.tar.gz", hash = "sha256:19480589e77d47b8d85b2c827ad95d49bf31b0dcde16593892eb51dd18706eb6"},
]

[[package]]
name = "openpyxl"
version = "3.1.5"
requires_python = ">=3.8"
summary = "A Python library to read/write Excel 2010 xlsx/xlsm files"
groups = ["default"]
dependencies = [
    "et-xmlfile",
]
files = [
    {file = "openpyxl-3.1.5-py2.py3-none-any.whl", hash = "sha256:5282c12b107bffeef825f4617dc029afaf41d0ea60823bbb665ef3079dc79de2"},
    {file = "openpyxl-3.1.5.tar.gz", hash = "sha256:cf0e3cf56142039133628b5acffe8ef0c12bc902d2aadd3e0fe5878dc08d1050"},
]

[[package]]
name = "packaging"
version = "25.0"
requires_python = ">=3.8"
summary = "Core utilities for Python packages"
groups = ["dev"]
files = [
    {file = "packaging-25.0-py3-none-any.whl", hash = "sha256:29572ef2b1f17581046b3a2227d5c611fb25ec70ca1ba8554b24b0e69331a484"},
    {file = "packaging-25.0.tar.gz", hash = "sha256:d443872c98d677bf60f6a1f2f8c1cb748e8fe762d2bf9d3148b5599295b0fc4f"},
]

[[package]]
name = "pluggy"
version = "1.6.0"
requires_python = ">=3.9"
summary = "plugin and hook calling mechanisms for python"
groups = ["dev"]
files = [
    {file = "pluggy-1.6.0-py3-none-any.whl", hash = "sha256:e920276dd6813095e9377c0bc5566d94c932c33b27a3e3945d8389c374dd4746"},
    {file = "pluggy-1.6.0.tar.gz", hash = "sha256:7dcc130b76258d33b90f61b658791dede3486c3e6bfb003ee5c9bfb396dd22f3"},
]

[[package]]
name = "polars"
version = "1.35.1"
requires_python = ">=3.9"
summary = "Blazingly fast DataFrame library"
groups = ["default"]
dependencies = [
    "polars-runtime-32==1.35.1",
]
files = [
    {file = "polars-1.35.1-py3-none-any.whl", hash = "sha256:c29a933f28aa330d96a633adbd79aa5e6a6247a802a720eead9933f4613bdbf4"},
    {file = "polars-1.35.1.tar.gz", hash = "sha256:06548e6d554580151d6ca7452d74bceeec4640b5b9261836889b8e68cfd7a62e"},
]

[[package]]
name = "polars-runtime-32"
version = "1.35.1"
requires_python = ">=3.9"
summary = "Blazingly fast DataFrame library"
groups = ["default"]
files = [
    {file = "polars_runtime_32-1.35.1-cp39-abi3-macosx_10_12_x86_64.whl", hash = "sha256:6f051a42f6ae2f26e3bc2cf1f170f2120602976e2a3ffb6cfba742eecc7cc620"},
    {file = "polars_runtime_32-1.35.1-cp39-abi3-macosx_11_0_arm64.whl", hash = "sha256:c2232f9cf05ba59efc72d940b86c033d41fd2d70bf2742e8115ed7112a766aa9"},
    {file = "polars_runtime_32-1.35.1-cp39-abi3-manylinux_2_17_x86_64.manylinux2014_x86_64.whl", hash = "sha256:42f9837348557fd674477ea40a6ac8a7e839674f6dd0a199df24be91b026024c"},
    {file = "polars_runtime_32-1.35.1-cp39-abi3-manylinux_2_24_aarch64.whl", hash = "sha256:c873aeb36fed182d5ebc35ca17c7eb193fe83ae2ea551ee8523ec34776731390"},
    {file = "polars_runtime_32-1.35.1-cp39-abi3-win_amd64.whl", hash = "sha256:35cde9453ca7032933f0e58e9ed4388f5a1e415dd0db2dd1e442c81d815e630c"},
    {file = "polars_runtime_32-1.35.1-cp39-abi3-win_arm64.whl", hash = "sha256:fd77757a6c9eb9865c4bfb7b07e22225207c6b7da382bd0b9bd47732f637105d"},
    {file = "polars_runtime_32-1.35.1.tar.gz", hash = "sha256:f6b4ec9cd58b31c87af1b8c110c9c986d82345f1d50d7f7595b5d447a19dc365"},
]

[[package]]
name = "pygments"
version = "2.19.2"
requires_python = ">=3.8"
summary = "Pygments is a syntax highlighting package written in Python."
groups = ["dev"]
files = [
    {file = "pygments-2.19.2-py3-none-any.whl", hash = "sha256:86540386c03d588bb81d44bc3928634ff26449851e99741617ecb9037ee5ec0b"},
    {file = "pygments-2.19.2.tar.gz", hash = "sha256:636cb2477cec7f8952536970bc533bc43743542f70392ae026374600add5b887"},
]

[[package]]
name = "pytest"
version = "8.4.2"
requires_python = ">=3.9"
summary = "pytest: simple powerful testing with Python"
groups = ["dev"]
dependencies = [
    "colorama>=0.4; sys_platform == \"win32\"",
    "exceptiongroup>=1; python_version < \"3.11\"",
    "iniconfig>=1",
    "packaging>=20",
    "pluggy<2,>=1.5",
    "pygments>=2.7.2",
    "tomli>=1; python_version < \"3.11\"",
]
files = [
    {file = "pytest-8.4.2-py3-none-any.whl", hash = "sha256:872f880de3fc3a5bdc88a11b39c9710c3497a547cfa9320bc3c5e62fbf272e79"},
    {file = "pytest-8.4.2.tar.gz", hash = "sha256:86c0d0b93306b961d58d62a4db4879f27fe25513d4b969df351abdddb3c30e01"},
]

[[package]]
name = "python-dateutil"
version = "2.9.0.post0"
requires_python = "!=3.0.*,!=3.1.*,!=3.2.*,>=2.7"
summary = "Extensions to the standard Python datetime module"
groups = ["default"]
dependencies = [
    "six>=1.5",
]
files = [
    {file = "python-dateutil-2.9.0.post0.tar.gz", hash = "sha256:37dd54208da7e1cd875388217d5e00ebd4179249f90fb72437e91a35459a0ad3"},
    {file = "python_dateutil-2.9.0.post0-py2.py3-none-any.whl", hash = "sha256:a8b2bc7bffae282281c8140a97d3aa9c14da0b136dfe83f850eea9a5f7470427"},
]

[[package]]
name = "pytz"
version = "2025.2"
summary = "World timezone definitions, modern and historical"
groups = ["default"]
files = [
    {file = "pytz-2025.2-py2.py3-none-any.whl", hash = "sha256:5ddf76296dd8c44c26eb8f4b6f35488f3ccbf6fbbd7adee0b7262d43f0ec2f00"},
    {file = "pytz-2025.2.tar.gz", hash = "sha256:360b9e3dbb49a209c21ad61809c7fb453643e048b38924c765813546746e81c3"},
]

[[package]]
name = "regex"
version = "2025.10.23"
requires_python = ">=3.9"
summary = "Alternative regular expression module, to replace re."
groups = ["default"]
files = [
    {file = "regex-2025.10.23-cp313-cp313-macosx_10_13_universal2.whl", hash = "sha256:b7690f95404a1293923a296981fd943cca12c31a41af9c21ba3edd06398fc193"},
    {file = "regex-2025.10.23-cp313-cp313-macosx_10_13_x86_64.whl", hash = "sha256:1a32d77aeaea58a13230100dd8797ac1a84c457f3af2fdf0d81ea689d5a9105b"},
    {file = "regex-2025.10.23-cp313-cp313-macosx_11_0_arm64.whl", hash = "sha256:b24b29402f264f70a3c81f45974323b41764ff7159655360543b7cabb73e7d2f"},
    {file = "regex-2025.10.23-cp313-cp313-manylinux2014_aarch64.manylinux_2_17_aarch64.manylinux_2_28_aarch64.whl", hash = "sha256:563824a08c7c03d96856d84b46fdb3bbb7cfbdf79da7ef68725cda2ce169c72a"},
    {file = "regex-2025.10.23-cp313-cp313-manylinux2014_ppc64le.manylinux_2_17_ppc64le.manylinux_2_28_ppc64le.whl", hash = "sha256:a0ec8bdd88d2e2659c3518087ee34b37e20bd169419ffead4240a7004e8ed03b"},
    {file = "regex-2025.10.23-cp313-cp313-manylinux2014_s390x.manylinux_2_17_s390x.manylinux_2_28_s390x.whl", hash = "sha256:b577601bfe1d33913fcd9276d7607bbac827c4798d9e14d04bf37d417a6c41cb"},
    {file = "regex-2025.10.23-cp313-cp313-manylinux2014_x86_64.manylinux_2_17_x86_64.manylinux_2_28_x86_64.whl", hash = "sha256:7c9f2c68ac6cb3de94eea08a437a75eaa2bd33f9e97c84836ca0b610a5804368"},
    {file = "regex-2025.10.23-cp313-cp313-musllinux_1_2_aarch64.whl", hash = "sha256:89f8b9ea3830c79468e26b0e21c3585f69f105157c2154a36f6b7839f8afb351"},
    {file = "regex-2025.10.23-cp313-cp313-musllinux_1_2_ppc64le.whl", hash = "sha256:98fd84c4e4ea185b3bb5bf065261ab45867d8875032f358a435647285c722673"},
    {file = "regex-2025.10.23-cp313-cp313-musllinux_1_2_s390x.whl", hash = "sha256:1e11d3e5887b8b096f96b4154dfb902f29c723a9556639586cd140e77e28b313"},
    {file = "regex-2025.10.23-cp313-cp313-musllinux_1_2_x86_64.whl", hash = "sha256:4f13450328a6634348d47a88367e06b64c9d84980ef6a748f717b13f8ce64e87"},
    {file = "regex-2025.10.23-cp313-cp313-win32.whl", hash = "sha256:37be9296598a30c6a20236248cb8b2c07ffd54d095b75d3a2a2ee5babdc51df1"},
    {file = "regex-2025.10.23-cp313-cp313-win_amd64.whl", hash = "sha256:ea7a3c283ce0f06fe789365841e9174ba05f8db16e2fd6ae00a02df9572c04c0"},
    {file = "regex-2025.10.23-cp313-cp313-win_arm64.whl", hash = "sha256:d9a4953575f300a7bab71afa4cd4ac061c7697c89590a2902b536783eeb49a4f"},
    {file = "regex-2025.10.23-cp313-cp313t-macosx_10_13_universal2.whl", hash = "sha256:7d6606524fa77b3912c9ef52a42ef63c6cfbfc1077e9dc6296cd5da0da286044"},
    {file = "regex-2025.10.23-cp313-cp313t-macosx_10_13_x86_64.whl", hash = "sha256:c037aadf4d64bdc38af7db3dbd34877a057ce6524eefcb2914d6d41c56f968cc"},
    {file = "regex-2025.10.23-cp313-cp313t-macosx_11_0_arm64.whl", hash = "sha256:99018c331fb2529084a0c9b4c713dfa49fafb47c7712422e49467c13a636c656"},
    {file = "regex-2025.10.23-cp313-cp313t-manylinux2014_aarch64.manylinux_2_17_aarch64.manylinux_2_28_aarch64.whl", hash = "sha256:fd8aba965604d70306eb90a35528f776e59112a7114a5162824d43b76fa27f58"},
    {file = "regex-2025.10.23-cp313-cp313t-manylinux2014_ppc64le.manylinux_2_17_ppc64le.manylinux_2_28_ppc64le.whl", hash = "sha256:238e67264b4013e74136c49f883734f68656adf8257bfa13b515626b31b20f8e"},
    {file = "regex-2025.10.23-cp313-cp313t-manylinux2014_s390x.manylinux_2_17_s390x.manylinux_2_28_s390x.whl", hash = "sha256:b2eb48bd9848d66fd04826382f5e8491ae633de3233a3d64d58ceb4ecfa2113a"},
    {file = "regex-2025.10.23-cp313-cp313t-manylinux2014_x86_64.manylinux_2_17_x86_64.manylinux_2_28_x86_64.whl", hash = "sha256:d36591ce06d047d0c0fe2fc5f14bfbd5b4525d08a7b6a279379085e13f0e3d0e"},
    {file = "regex-2025.10.23-cp313-cp313t-musllinux_1_2_aarch64.whl", hash = "sha256:b5d4ece8628d6e364302006366cea3ee887db397faebacc5dacf8ef19e064cf8"},
    {file = "regex-2025.10.23-cp313-cp313t-musllinux_1_2_ppc64le.whl", hash = "sha256:39a7e8083959cb1c4ff74e483eecb5a65d3b3e1d821b256e54baf61782c906c6"},
    {file = "regex-2025.10.23-cp313-cp313t-musllinux_1_2_s390x.whl", hash = "sha256:842d449a8fefe546f311656cf8c0d6729b08c09a185f1cad94c756210286d6a8"},
    {file = "regex-2025.10.23-cp313-cp313t-musllinux_1_2_x86_64.whl", hash = "sha256:d614986dc68506be8f00474f4f6960e03e4ca9883f7df47744800e7d7c08a494"},
    {file = "regex-2025.10.23-cp313-cp313t-win32.whl", hash = "sha256:a5b7a26b51a9df473ec16a1934d117443a775ceb7b39b78670b2e21893c330c9"},
    {file = "regex-2025.10.23-cp313-cp313t-win_amd64.whl", hash = "sha256:ce81c5544a5453f61cb6f548ed358cfb111e3b23f3cd42d250a4077a6be2a7b6"},
    {file = "regex-2025.10.23-cp313-cp313t-win_arm64.whl", hash = "sha256:e9bf7f6699f490e4e43c44757aa179dab24d1960999c84ab5c3d5377714ed473"},
    {file = "regex-2025.10.23-cp314-cp314-macosx_10_13_universal2.whl", hash = "sha256:5b5cb5b6344c4c4c24b2dc87b0bfee78202b07ef7633385df70da7fcf6f7cec6"},
    {file = "regex-2025.10.23-cp314-cp314-macosx_10_13_x86_64.whl", hash = "sha256:a6ce7973384c37bdf0f371a843f95a6e6f4e1489e10e0cf57330198df72959c5"},
    {file = "regex-2025.10.23-cp314-cp314-macosx_11_0_arm64.whl", hash = "sha256:2ee3663f2c334959016b56e3bd0dd187cbc73f948e3a3af14c3caaa0c3035d10"},
    {file = "regex-2025.10.23-cp314-cp314-manylinux2014_aarch64.manylinux_2_17_aarch64.manylinux_2_28_aarch64.whl", hash = "sha256:2003cc82a579107e70d013482acce8ba773293f2db534fb532738395c557ff34"},
    {file = "regex-2025.10.23-cp314-cp314-manylinux2014_ppc64le.manylinux_2_17_ppc64le.manylinux_2_28_ppc64le.whl", hash = "sha256:182c452279365a93a9f45874f7f191ec1c51e1f1eb41bf2b16563f1a40c1da3a"},
    {file = "regex-2025.10.23-cp314-cp314-manylinux2014_s390x.manylinux_2_17_s390x.manylinux_2_28_s390x.whl", hash = "sha256:b1249e9ff581c5b658c8f0437f883b01f1edcf424a16388591e7c05e5e9e8b0c"},
    {file = "regex-2025.10.23-cp314-cp314-manylinux2014_x86_64.manylinux_2_17_x86_64.manylinux_2_28_x86_64.whl", hash = "sha256:2b841698f93db3ccc36caa1900d2a3be281d9539b822dc012f08fc80b46a3224"},
    {file = "regex-2025.10.23-cp314-cp314-musllinux_1_2_aarch64.whl", hash = "sha256:956d89e0c92d471e8f7eee73f73fdff5ed345886378c45a43175a77538a1ffe4"},
    {file = "regex-2025.10.23-cp314-cp314-musllinux_1_2_ppc64le.whl", hash = "sha256:5c259cb363299a0d90d63b5c0d7568ee98419861618a95ee9d91a41cb9954462"},
    {file = "regex-2025.10.23-cp314-cp314-musllinux_1_2_s390x.whl", hash = "sha256:185d2b18c062820b3a40d8fefa223a83f10b20a674bf6e8c4a432e8dfd844627"},
    {file = "regex-2025.10.23-cp314-cp314-musllinux_1_2_x86_64.whl", hash = "sha256:281d87fa790049c2b7c1b4253121edd80b392b19b5a3d28dc2a77579cb2a58ec"},
    {file = "regex-2025.10.23-cp314-cp314-win32.whl", hash = "sha256:63b81eef3656072e4ca87c58084c7a9c2b81d41a300b157be635a8a675aacfb8"},
    {file = "regex-2025.10.23-cp314-cp314-win_amd64.whl", hash = "sha256:0967c5b86f274800a34a4ed862dfab56928144d03cb18821c5153f8777947796"},
    {file = "regex-2025.10.23-cp314-cp314-win_arm64.whl", hash = "sha256:c70dfe58b0a00b36aa04cdb0f798bf3e0adc31747641f69e191109fd8572c9a9"},
    {file = "regex-2025.10.23-cp314-cp314t-macosx_10_13_universal2.whl", hash = "sha256:1f5799ea1787aa6de6c150377d11afad39a38afd033f0c5247aecb997978c422"},
    {file = "regex-2025.10.23-cp314-cp314t-macosx_10_13_x86_64.whl", hash = "sha256:a9639ab7540cfea45ef57d16dcbea2e22de351998d614c3ad2f9778fa3bdd788"},
    {file = "regex-2025.10.23-cp314-cp314t-macosx_11_0_arm64.whl", hash = "sha256:08f52122c352eb44c3421dab78b9b73a8a77a282cc8314ae576fcaa92b780d10"},
    {file = "regex-2025.10.23-cp314-cp314t-manylinux2014_aarch64.manylinux_2_17_aarch64.manylinux_2_28_aarch64.whl", hash = "sha256:ebf1baebef1c4088ad5a5623decec6b52950f0e4d7a0ae4d48f0a99f8c9cb7d7"},
    {file = "regex-2025.10.23-cp314-cp314t-manylinux2014_ppc64le.manylinux_2_17_ppc64le.manylinux_2_28_ppc64le.whl", hash = "sha256:16b0f1c2e2d566c562d5c384c2b492646be0a19798532fdc1fdedacc66e3223f"},
    {file = "regex-2025.10.23-cp314-cp314t-manylinux2014_s390x.manylinux_2_17_s390x.manylinux_2_28_s390x.whl", hash = "sha256:f7ada5d9dceafaab92646aa00c10a9efd9b09942dd9b0d7c5a4b73db92cc7e61"},
    {file = "regex-2025.10.23-cp314-cp314t-manylinux2014_x86_64.manylinux_2_17_x86_64.manylinux_2_28_x86_64.whl", hash = "sha256:3a36b4005770044bf08edecc798f0e41a75795b9e7c9c12fe29da8d792ef870c"},
    {file = "regex-2025.10.23-cp314-cp314t-musllinux_1_2_aarch64.whl", hash = "sha256:af7b2661dcc032da1fae82069b5ebf2ac1dfcd5359ef8b35e1367bfc92181432"},
    {file = "regex-2025.10.23-cp314-cp314t-musllinux_1_2_ppc64le.whl", hash = "sha256:1cb976810ac1416a67562c2e5ba0accf6f928932320fef302e08100ed681b38e"},
    {file = "regex-2025.10.23-cp314-cp314t-musllinux_1_2_s390x.whl", hash = "sha256:1a56a54be3897d62f54290190fbcd754bff6932934529fbf5b29933da28fcd43"},
    {file = "regex-2025.10.23-cp314-cp314t-musllinux_1_2_x86_64.whl", hash = "sha256:8f3e6d202fb52c2153f532043bbcf618fd177df47b0b306741eb9b60ba96edc3"},
    {file = "regex-2025.10.23-cp314-cp314t-win32.whl", hash = "sha256:1fa1186966b2621b1769fd467c7b22e317e6ba2d2cdcecc42ea3089ef04a8521"},
    {file = "regex-2025.10.23-cp314-cp314t-win_amd64.whl", hash = "sha256:08a15d40ce28362eac3e78e83d75475147869c1ff86bc93285f43b4f4431a741"},
    {file = "regex-2025.10.23-cp314-cp314t-win_arm64.whl", hash = "sha256:a93e97338e1c8ea2649e130dcfbe8cd69bba5e1e163834752ab64dcb4de6d5ed"},
    {file = "regex-2025.10.23.tar.gz", hash = "sha256:8cbaf8ceb88f96ae2356d01b9adf5e6306fa42fa6f7eab6b97794e37c959ac26"},
]

[[package]]
name = "six"
version = "1.17.0"
requires_python = "!=3.0.*,!=3.1.*,!=3.2.*,>=2.7"
summary = "Python 2 and 3 compatibility utilities"
groups = ["default"]
files = [
    {file = "six-1.17.0-py2.py3-none-any.whl", hash = "sha256:4721f391ed90541fddacab5acf947aa0d3dc7d27b2e1e8eda2be8970586c3274"},
    {file = "six-1.17.0.tar.gz", hash = "sha256:ff70335d468e7eb6ec65b95b99d3a2836546063f63acc5171de367e834932a81"},
]

[[package]]
name = "types-openpyxl"
version = "3.1.5.20250919"
requires_python = ">=3.9"
summary = "Typing stubs for openpyxl"
groups = ["default"]
files = [
    {file = "types_openpyxl-3.1.5.20250919-py3-none-any.whl", hash = "sha256:bd06f18b12fd5e1c9f0b666ee6151d8140216afa7496f7ebb9fe9d33a1a3ce99"},
    {file = "types_openpyxl-3.1.5.20250919.tar.gz", hash = "sha256:232b5906773eebace1509b8994cdadda043f692cfdba9bfbb86ca921d54d32d7"},
]

[[package]]
name = "tzdata"
version = "2025.2"
requires_python = ">=2"
summary = "Provider of IANA time zone data"
groups = ["default"]
marker = "platform_system == \"Windows\""
files = [
    {file = "tzdata-2025.2-py2.py3-none-any.whl", hash = "sha256:1a403fada01ff9221ca8044d701868fa132215d84beb92242d9acd2147f667a8"},
    {file = "tzdata-2025.2.tar.gz", hash = "sha256:b60a638fcc0daffadf82fe0f57e53d06bdec2f36c4df66280ae79bce6bd6f2b9"},
]

[[package]]
name = "tzlocal"
version = "5.3.1"
requires_python = ">=3.9"
summary = "tzinfo object for the local timezone"
groups = ["default"]
dependencies = [
    "tzdata; platform_system == \"Windows\"",
]
files = [
    {file = "tzlocal-5.3.1-py3-none-any.whl", hash = "sha256:eb1a66c3ef5847adf7a834f1be0800581b683b5608e74f86ecbcef8ab91bb85d"},
    {file = "tzlocal-5.3.1.tar.gz", hash = "sha256:cceffc7edecefea1f595541dbd6e990cb1ea3d19bf01b2809f362a03dd7921fd"},
]

[[package]]
name = "win32-setctime"
version = "1.2.0"
requires_python = ">=3.5"
summary = "A small Python utility to set file creation time on Windows"
groups = ["default"]
marker = "sys_platform == \"win32\""
files = [
    {file = "win32_setctime-1.2.0-py3-none-any.whl", hash = "sha256:95d644c4e708aba81dc3704a116d8cbc974d70b3bdb8be1d150e36be6e9d1390"},
    {file = "win32_setctime-1.2.0.tar.gz", hash = "sha256:ae1fdf948f5640aae05c511ade119313fb6a30d7eabe25fef9764dca5873c4c0"},
]
